#MicroXplorer Configuration settings - do not modify
Mcu.Family=STM32F4
NVIC.USART3_IRQn=true\:5\:0\:false\:false\:true\:true\:true\:true
ProjectManager.MainLocation=Core/Src
RCC.CortexFreq_Value=180000000
ProjectManager.KeepUserCode=true
Mcu.UserName=STM32F429ZITx
PB10.Mode=I2C
USART1.BaudRate=9600
RCC.PLLCLKFreq_Value=180000000
RCC.PLLQCLKFreq_Value=90000000
ProjectManager.functionlistsort=1-MX_GPIO_Init-GPIO-false-HAL-true,2-SystemClock_Config-RCC-false-HAL-false,3-MX_CAN1_Init-CAN1-false-HAL-true,4-MX_I2C1_Init-I2C1-false-HAL-true,5-MX_I2C2_Init-I2C2-false-HAL-true,6-MX_SPI5_Init-SPI5-false-HAL-true,7-MX_USART1_UART_Init-USART1-false-HAL-true,8-MX_USART3_UART_Init-USART3-false-HAL-true,9-MX_LWIP_Init-LWIP-false-HAL-false
RCC.RTCFreq_Value=32000
PC5.Mode=RMII
USART1.IPParameters=VirtualMode,BaudRate
PF10.GPIO_PuPd=GPIO_NOPULL
PB11.Signal=I2C2_SDA
PB13.Signal=ETH_TXD1
PG13.Signal=ETH_TXD0
PD9.Mode=Asynchronous
PinOutPanel.RotationAngle=0
PG11.Signal=ETH_TX_EN
RCC.SYSCLKSource=RCC_SYSCLKSOURCE_PLLCLK
ProjectManager.StackSize=0x400
VP_FREERTOS_VS_CMSIS_V2.Mode=CMSIS_V2
RCC.SAI_BClocksFreq_Value=24500000
Mcu.IP4=I2C2
Mcu.IP5=LWIP
RCC.FCLKCortexFreq_Value=180000000
Mcu.IP2=FREERTOS
NVIC.SVCall_IRQn=true\:0\:0\:false\:false\:false\:false\:false\:false
Mcu.IP3=I2C1
PB4.GPIOParameters=GPIO_PuPd
Mcu.IP0=CAN1
Mcu.IP1=ETH
Mcu.UserConstants=
PF7.Signal=SPI5_SCK
RCC.LCDTFTFreq_Value=24500000
NVIC.CAN1_TX_IRQn=true\:5\:0\:false\:false\:true\:true\:true\:true
Mcu.ThirdPartyNb=0
RCC.HCLKFreq_Value=180000000
Mcu.IPNb=12
RCC.I2SClocksFreq_Value=192000000
ProjectManager.PreviousToolchain=
RCC.APB2TimFreq_Value=180000000
PB6.Signal=I2C1_SCL
RCC.VcooutputI2S=192000000
PB6.Mode=I2C
Mcu.Pin6=PA1
PD8.Signal=USART3_TX
Mcu.Pin7=PA2
Mcu.Pin8=PA7
PE10.Locked=true
Mcu.Pin9=PC4
RCC.VCOSAIOutputFreq_Value=98000000
FREERTOS.IPParameters=Tasks01
RCC.AHBFreq_Value=180000000
Mcu.Pin0=PF6
Mcu.Pin1=PF7
NVIC.ETH_IRQn=true\:5\:0\:false\:false\:true\:true\:false\:true
GPIO.groupedBy=Group By Peripherals
Mcu.Pin2=PF8
Mcu.Pin3=PF9
Mcu.Pin4=PF10
Mcu.Pin5=PC1
ProjectManager.ProjectBuild=false
RCC.HSE_VALUE=25000000
PG13.Locked=true
NVIC.UsageFault_IRQn=true\:0\:0\:false\:false\:true\:false\:false\:false
NVIC.DebugMonitor_IRQn=true\:0\:0\:false\:false\:true\:false\:false\:false
PA8.Locked=true
Mcu.IP10=USART1
NVIC.SysTick_IRQn=true\:15\:0\:false\:false\:false\:true\:false\:true
Mcu.IP11=USART3
ProjectManager.FirmwarePackage=STM32Cube FW_F4 V1.25.2
MxDb.Version=DB.6.0.10
PF9.Mode=Full_Duplex_Master
PE13.Signal=GPIO_Output
ProjectManager.BackupPrevious=false
RCC.VCOInputFreq_Value=2000000
PE9.Signal=GPIO_Output
PA14.Mode=Serial_Wire
PE8.Locked=true
PE9.Locked=true
VP_SYS_VS_tim1.Mode=TIM1
File.Version=6
PF10.Locked=true
PB7.Signal=I2C1_SDA
PB8.Locked=true
PA8.Signal=GPIO_Input
PF8.Mode=Full_Duplex_Master
PG13.Mode=RMII
NVIC.PendSV_IRQn=true\:15\:0\:false\:false\:false\:true\:false\:false
PE10.Signal=GPIO_Output
ProjectManager.HalAssertFull=false
ProjectManager.ProjectName=Sunlight
RCC.MCO2PinFreq_Value=180000000
CAN1.Prescaler=45
PB9.Signal=CAN1_TX
Mcu.Package=LQFP144
NVIC.TimeBase=TIM1_UP_TIM10_IRQn
PG11.Locked=true
ProjectManager.ToolChainLocation=
RCC.LSI_VALUE=32000
NVIC.TimeBaseIP=TIM1
USART3.IPParameters=VirtualMode
PA10.Signal=USART1_RX
PF8.Signal=SPI5_MISO
SPI5.CalculateBaudRate=45.0 MBits/s
RCC.APB2CLKDivider=RCC_HCLK_DIV2
RCC.APB1TimFreq_Value=90000000
NVIC.BusFault_IRQn=true\:0\:0\:false\:false\:true\:false\:false\:false
PC5.Signal=ETH_RXD1
PB13.Mode=RMII
PE7.Signal=GPIO_Output
CAN1.CalculateTimeBit=8000.00
PE12.Locked=true
SPI5.VirtualType=VM_MASTER
ProjectManager.CustomerFirmwarePackage=
VP_LWIP_VS_Enabled.Signal=LWIP_VS_Enabled
PC4.Mode=RMII
RCC.SAI_AClocksFreq_Value=24500000
PB4.Signal=GPIO_Input
CAN1.CalculateTimeQuantum=1000.0
ProjectManager.ProjectFileName=Sunlight.ioc
FREERTOS.Tasks01=defaultTask,24,128,StartDefaultTask,Default,NULL,Dynamic,NULL,NULL
PA7.Mode=RMII
PA10.Mode=Asynchronous
Mcu.PinsNb=41
ProjectManager.NoMain=false
NVIC.SavedSvcallIrqHandlerGenerated=true
CAN1.IPParameters=CalculateTimeQuantum,CalculateTimeBit,CalculateBaudRate,BS1,BS2,Prescaler
CAN1.CalculateBaudRate=125000
PC4.Signal=ETH_RXD0
ProjectManager.DefaultFWLocation=true
RCC.VCOSAIOutputFreq_ValueQ=24500000
PD9.Signal=USART3_RX
RCC.VCOSAIOutputFreq_ValueR=49000000
PB12.Locked=true
ProjectManager.DeletePrevious=true
RCC.APB1CLKDivider=RCC_HCLK_DIV4
PB10.Locked=true
SPI5.Mode=SPI_MODE_MASTER
RCC.FamilyName=M
VP_LWIP_VS_Enabled.Mode=Enabled
ETH.IPParameters=MediaInterface
PA13.Signal=SYS_JTMS-SWDIO
PF7.Mode=Full_Duplex_Master
PA11.Locked=true
PA9.Mode=Asynchronous
CAN1.BS2=CAN_BS2_4TQ
PB11.Mode=I2C
PF6.Signal=SPI5_NSS
CAN1.BS1=CAN_BS1_3TQ
ProjectManager.TargetToolchain=Makefile
PF6.Locked=true
PB9.Mode=CAN_Activate
PA9.Signal=USART1_TX
RCC.VcooutputI2SQ=192000000
PB5.Locked=true
PB9.Locked=true
PB4.GPIO_PuPd=GPIO_NOPULL
ProjectManager.RegisterCallBack=
PE11.Signal=GPIO_Output
RCC.LSE_VALUE=32768
PD8.Mode=Asynchronous
PA1.Signal=ETH_REF_CLK
PB10.Signal=I2C2_SCL
RCC.VCOI2SOutputFreq_Value=384000000
Mcu.Pin40=VP_SYS_VS_tim1
SPI5.VirtualNSS=VM_NSSHARD
board=custom
RCC.VCOOutputFreq_Value=360000000
ProjectManager.LastFirmware=true
NVIC.SavedSystickIrqHandlerGenerated=true
RCC.APB2Freq_Value=90000000
PA1.Mode=RMII
MxCube.Version=6.1.1
Mcu.Pin37=PB9
Mcu.Pin38=VP_FREERTOS_VS_CMSIS_V2
Mcu.Pin35=PB7
PE8.Signal=GPIO_Output
Mcu.Pin36=PB8
VP_SYS_VS_tim1.Signal=SYS_VS_tim1
Mcu.Pin39=VP_LWIP_VS_Enabled
PF10.Signal=GPIO_Input
Mcu.Pin30=PG11
RCC.EthernetFreq_Value=180000000
Mcu.Pin33=PB5
Mcu.Pin34=PB6
Mcu.Pin31=PG13
Mcu.Pin32=PB4
NVIC.NonMaskableInt_IRQn=true\:0\:0\:false\:false\:true\:false\:false\:false
PE7.Locked=true
PA13.Mode=Serial_Wire
ProjectManager.FreePins=false
RCC.IPParameters=48MHZClocksFreq_Value,AHBFreq_Value,APB1CLKDivider,APB1Freq_Value,APB1TimFreq_Value,APB2CLKDivider,APB2Freq_Value,APB2TimFreq_Value,CortexFreq_Value,EthernetFreq_Value,FCLKCortexFreq_Value,FamilyName,HCLKFreq_Value,HSE_VALUE,HSI_VALUE,I2SClocksFreq_Value,LCDTFTFreq_Value,LSE_VALUE,LSI_VALUE,MCO2PinFreq_Value,PLLCLKFreq_Value,PLLM,PLLN,PLLQCLKFreq_Value,RTCFreq_Value,RTCHSEDivFreq_Value,SAI_AClocksFreq_Value,SAI_BClocksFreq_Value,SYSCLKFreq_VALUE,SYSCLKSource,VCOI2SOutputFreq_Value,VCOInputFreq_Value,VCOOutputFreq_Value,VCOSAIOutputFreq_Value,VCOSAIOutputFreq_ValueQ,VCOSAIOutputFreq_ValueR,VcooutputI2S,VcooutputI2SQ
PE11.Locked=true
ProjectManager.AskForMigrate=true
Mcu.Name=STM32F429ZITx
PE12.Signal=GPIO_Output
Mcu.Pin26=PA10
Mcu.Pin27=PA11
NVIC.SavedPendsvIrqHandlerGenerated=true
RCC.RTCHSEDivFreq_Value=12500000
PA2.Signal=ETH_MDIO
Mcu.Pin24=PA8
ProjectManager.UnderRoot=false
PE13.Locked=true
Mcu.Pin25=PA9
Mcu.IP8=SPI5
VP_FREERTOS_VS_CMSIS_V2.Signal=FREERTOS_VS_CMSIS_V2
Mcu.IP9=SYS
Mcu.Pin28=PA13
Mcu.IP6=NVIC
Mcu.Pin29=PA14
Mcu.IP7=RCC
ProjectManager.CoupleFile=false
PB4.Locked=true
RCC.48MHZClocksFreq_Value=90000000
RCC.SYSCLKFreq_VALUE=180000000
PB5.Signal=GPIO_Output
Mcu.Pin22=PD8
ETH.MediaInterface=ETH_MEDIA_INTERFACE_RMII
Mcu.Pin23=PD9
Mcu.Pin20=PB12
Mcu.Pin21=PB13
NVIC.ForceEnableDMAVector=true
KeepUserPlacement=false
USART3.VirtualMode=VM_ASYNC
NVIC.MemoryManagement_IRQn=true\:0\:0\:false\:false\:true\:false\:false\:false
USART1.VirtualMode=VM_ASYNC
ProjectManager.CompilerOptimize=6
PG11.Mode=RMII
PA11.Signal=GPIO_Input
PB7.Mode=I2C
PA14.Signal=SYS_JTCK-SWCLK
ProjectManager.HeapSize=0x200
Mcu.Pin15=PE11
NVIC.HardFault_IRQn=true\:0\:0\:false\:false\:true\:false\:false\:false
Mcu.Pin16=PE12
LWIP.Version=v2.1.2_Cube
Mcu.Pin13=PE9
Mcu.Pin14=PE10
PF10.GPIOParameters=GPIO_PuPd
Mcu.Pin19=PB11
PF6.Mode=NSS_Signal_Hard_Output
NVIC.TIM1_UP_TIM10_IRQn=true\:0\:0\:false\:false\:true\:false\:false\:true
ProjectManager.ComputerToolchain=false
PF9.Signal=SPI5_MOSI
Mcu.Pin17=PE13
RCC.HSI_VALUE=16000000
Mcu.Pin18=PB10
NVIC.PriorityGroup=NVIC_PRIORITYGROUP_4
Mcu.Pin11=PE7
Mcu.Pin12=PE8
RCC.PLLM=8
PB8.Mode=CAN_Activate
RCC.PLLN=180
Mcu.Pin10=PC5
PA2.Mode=RMII
PB8.Signal=CAN1_RX
PB12.GPIO_PuPd=GPIO_PULLUP
RCC.APB1Freq_Value=45000000
SPI5.IPParameters=VirtualType,Mode,Direction,CalculateBaudRate,VirtualNSS
PB11.Locked=true
ProjectManager.DeviceId=STM32F429ZITx
PC1.Signal=ETH_MDC
PB12.GPIOParameters=GPIO_PuPd
PB12.Signal=GPIO_Input
ProjectManager.LibraryCopy=0
NVIC.CAN1_RX0_IRQn=true\:5\:0\:false\:false\:true\:true\:true\:true
PC1.Mode=RMII
SPI5.Direction=SPI_DIRECTION_2LINES
PA7.Signal=ETH_CRS_DV
